
Microsoft Visual Studio Solution File, Format Version 12.00
# Visual Studio Version 17
VisualStudioVersion = 17.9.34622.214
MinimumVisualStudioVersion = 10.0.40219.1
Project("{FAE04EC0-301F-11D3-BF4B-00C04F79EFBC}") = "PayParking", "PayParking\PayParking.csproj", "{51CD1389-1101-48D1-88F2-40D339D999CE}"
EndProject
Global
	GlobalSection(SolutionConfigurationPlatforms) = preSolution
		Debug|Any CPU = Debug|Any CPU
		Release|Any CPU = Release|Any CPU
	EndGlobalSection
	GlobalSection(ProjectConfigurationPlatforms) = postSolution
		{51CD1389-1101-48D1-88F2-40D339D999CE}.Debug|Any CPU.ActiveCfg = Debug|Any CPU
		{51CD1389-1101-48D1-88F2-40D339D999CE}.Debug|Any CPU.Build.0 = Debug|Any CPU
		{51CD1389-1101-48D1-88F2-40D339D999CE}.Release|Any CPU.ActiveCfg = Release|Any CPU
		{51CD1389-1101-48D1-88F2-40D339D999CE}.Release|Any CPU.Build.0 = Release|Any CPU
	EndGlobalSection
	GlobalSection(SolutionProperties) = preSolution
		HideSolutionNode = FALSE
	EndGlobalSection
	GlobalSection(ExtensibilityGlobals) = postSolution
		SolutionGuid = {4995647D-022A-457B-A0E6-09F150AF7EE9}
	EndGlobalSection
EndGlobal
